
Microsoft Visual Studio Solution File, Format Version 11.00
# Visual Studio 2010
Project("{FAE04EC0-301F-11D3-BF4B-00C04F79EFBC}") = "Assembly-CSharp", "Assembly-CSharp.csproj", "{516B9F92-F3F2-B267-EDAF-ACD29F223103}"
EndProject
Project("{FAE04EC0-301F-11D3-BF4B-00C04F79EFBC}") = "IBM.Cloud.SDK", "IBM.Cloud.SDK.csproj", "{626952A5-1246-2B47-D240-B40EC7FF269B}"
EndProject
Project("{FAE04EC0-301F-11D3-BF4B-00C04F79EFBC}") = "IBM.Cloud.SDK.Tests", "IBM.Cloud.SDK.Tests.csproj", "{67D2A731-3957-7949-94E4-6E3F789A5A9A}"
EndProject
Project("{FAE04EC0-301F-11D3-BF4B-00C04F79EFBC}") = "WatsonUnitySDK", "WatsonUnitySDK.csproj", "{82A9FE9B-D98D-0EAB-3B94-411BC8883946}"
EndProject
Project("{FAE04EC0-301F-11D3-BF4B-00C04F79EFBC}") = "IBM.Watson.Tests", "IBM.Watson.Tests.csproj", "{44D25138-288B-5DEB-3D6C-B1CE2A5BE052}"
EndProject
Project("{FAE04EC0-301F-11D3-BF4B-00C04F79EFBC}") = "Assembly-CSharp-Editor", "Assembly-CSharp-Editor.csproj", "{D0113AAB-8D9A-EFCC-A43E-897A87A7A9F3}"
EndProject
Global
	GlobalSection(SolutionConfigurationPlatforms) = preSolution
		Debug|Any CPU = Debug|Any CPU
		Release|Any CPU = Release|Any CPU
	EndGlobalSection
	GlobalSection(ProjectConfigurationPlatforms) = postSolution
		{516B9F92-F3F2-B267-EDAF-ACD29F223103}.Debug|Any CPU.ActiveCfg = Debug|Any CPU
		{516B9F92-F3F2-B267-EDAF-ACD29F223103}.Debug|Any CPU.Build.0 = Debug|Any CPU
		{516B9F92-F3F2-B267-EDAF-ACD29F223103}.Release|Any CPU.ActiveCfg = Release|Any CPU
		{516B9F92-F3F2-B267-EDAF-ACD29F223103}.Release|Any CPU.Build.0 = Release|Any CPU
		{626952A5-1246-2B47-D240-B40EC7FF269B}.Debug|Any CPU.ActiveCfg = Debug|Any CPU
		{626952A5-1246-2B47-D240-B40EC7FF269B}.Debug|Any CPU.Build.0 = Debug|Any CPU
		{626952A5-1246-2B47-D240-B40EC7FF269B}.Release|Any CPU.ActiveCfg = Release|Any CPU
		{626952A5-1246-2B47-D240-B40EC7FF269B}.Release|Any CPU.Build.0 = Release|Any CPU
		{67D2A731-3957-7949-94E4-6E3F789A5A9A}.Debug|Any CPU.ActiveCfg = Debug|Any CPU
		{67D2A731-3957-7949-94E4-6E3F789A5A9A}.Debug|Any CPU.Build.0 = Debug|Any CPU
		{67D2A731-3957-7949-94E4-6E3F789A5A9A}.Release|Any CPU.ActiveCfg = Release|Any CPU
		{67D2A731-3957-7949-94E4-6E3F789A5A9A}.Release|Any CPU.Build.0 = Release|Any CPU
		{82A9FE9B-D98D-0EAB-3B94-411BC8883946}.Debug|Any CPU.ActiveCfg = Debug|Any CPU
		{82A9FE9B-D98D-0EAB-3B94-411BC8883946}.Debug|Any CPU.Build.0 = Debug|Any CPU
		{82A9FE9B-D98D-0EAB-3B94-411BC8883946}.Release|Any CPU.ActiveCfg = Release|Any CPU
		{82A9FE9B-D98D-0EAB-3B94-411BC8883946}.Release|Any CPU.Build.0 = Release|Any CPU
		{44D25138-288B-5DEB-3D6C-B1CE2A5BE052}.Debug|Any CPU.ActiveCfg = Debug|Any CPU
		{44D25138-288B-5DEB-3D6C-B1CE2A5BE052}.Debug|Any CPU.Build.0 = Debug|Any CPU
		{44D25138-288B-5DEB-3D6C-B1CE2A5BE052}.Release|Any CPU.ActiveCfg = Release|Any CPU
		{44D25138-288B-5DEB-3D6C-B1CE2A5BE052}.Release|Any CPU.Build.0 = Release|Any CPU
		{D0113AAB-8D9A-EFCC-A43E-897A87A7A9F3}.Debug|Any CPU.ActiveCfg = Debug|Any CPU
		{D0113AAB-8D9A-EFCC-A43E-897A87A7A9F3}.Debug|Any CPU.Build.0 = Debug|Any CPU
		{D0113AAB-8D9A-EFCC-A43E-897A87A7A9F3}.Release|Any CPU.ActiveCfg = Release|Any CPU
		{D0113AAB-8D9A-EFCC-A43E-897A87A7A9F3}.Release|Any CPU.Build.0 = Release|Any CPU
	EndGlobalSection
	GlobalSection(SolutionProperties) = preSolution
		HideSolutionNode = FALSE
	EndGlobalSection
	GlobalSection(MonoDevelopProperties) = preSolution
		StartupItem = Assembly-CSharp.csproj
	EndGlobalSection
EndGlobal
